
Microsoft Visual Studio Solution File, Format Version 12.00
# Visual Studio Version 17
VisualStudioVersion = 17.14.36930.0 d17.14
MinimumVisualStudioVersion = 10.0.40219.1
Project("{FAE04EC0-301F-11D3-BF4B-00C04F79EFBC}") = "Archivos_CSV", "Archivos_CSV\Archivos_CSV.csproj", "{49158279-8A17-4DAB-9C4E-1DA60A6E4824}"
EndProject
Global
	GlobalSection(SolutionConfigurationPlatforms) = preSolution
		Debug|Any CPU = Debug|Any CPU
		Release|Any CPU = Release|Any CPU
	EndGlobalSection
	GlobalSection(ProjectConfigurationPlatforms) = postSolution
		{49158279-8A17-4DAB-9C4E-1DA60A6E4824}.Debug|Any CPU.ActiveCfg = Debug|Any CPU
		{49158279-8A17-4DAB-9C4E-1DA60A6E4824}.Debug|Any CPU.Build.0 = Debug|Any CPU
		{49158279-8A17-4DAB-9C4E-1DA60A6E4824}.Release|Any CPU.ActiveCfg = Release|Any CPU
		{49158279-8A17-4DAB-9C4E-1DA60A6E4824}.Release|Any CPU.Build.0 = Release|Any CPU
	EndGlobalSection
	GlobalSection(SolutionProperties) = preSolution
		HideSolutionNode = FALSE
	EndGlobalSection
	GlobalSection(ExtensibilityGlobals) = postSolution
		SolutionGuid = {64DDD5BE-4755-4F4A-9C98-FC34690A2DBF}
	EndGlobalSection
EndGlobal
